// !$*UTF8*$!
{
	archiveVersion = 1;
	classes = {
	};
	objectVersion = 50;
	objects = {

/* Begin PBXBuildFile section */
		3CC9309CA004CBA2CC81E7CD /* Pods_twexam.framework in Frameworks */ = {isa = PBXBuildFile; fileRef = 3EF4FF77EF238C4E2C158749 /* Pods_twexam.framework */; };
		54A0CC3826D5DB2E0008833F /* AppDelegate.swift in Sources */ = {isa = PBXBuildFile; fileRef = 54A0CC3726D5DB2E0008833F /* AppDelegate.swift */; };
		54A0CC3A26D5DB2E0008833F /* SceneDelegate.swift in Sources */ = {isa = PBXBuildFile; fileRef = 54A0CC3926D5DB2E0008833F /* SceneDelegate.swift */; };
		54A0CC3C26D5DB2E0008833F /* ViewController.swift in Sources */ = {isa = PBXBuildFile; fileRef = 54A0CC3B26D5DB2E0008833F /* ViewController.swift */; };
		54A0CC3F26D5DB2E0008833F /* Main.storyboard in Resources */ = {isa = PBXBuildFile; fileRef = 54A0CC3D26D5DB2E0008833F /* Main.storyboard */; };
		54A0CC4126D5DB320008833F /* Assets.xcassets in Resources */ = {isa = PBXBuildFile; fileRef = 54A0CC4026D5DB320008833F /* Assets.xcassets */; };
		54A0CC4426D5DB320008833F /* LaunchScreen.storyboard in Resources */ = {isa = PBXBuildFile; fileRef = 54A0CC4226D5DB320008833F /* LaunchScreen.storyboard */; };
		54A0CC4F26D5DB320008833F /* twexamTests.swift in Sources */ = {isa = PBXBuildFile; fileRef = 54A0CC4E26D5DB320008833F /* twexamTests.swift */; };
		54A0CC5A26D5DB320008833F /* twexamUITests.swift in Sources */ = {isa = PBXBuildFile; fileRef = 54A0CC5926D5DB320008833F /* twexamUITests.swift */; };
		54A0CC6926D618F90008833F /* ViewModel.swift in Sources */ = {isa = PBXBuildFile; fileRef = 54A0CC6826D618F90008833F /* ViewModel.swift */; };
		54A0CC6C26D620AC0008833F /* TableViewCell.swift in Sources */ = {isa = PBXBuildFile; fileRef = 54A0CC6A26D620AC0008833F /* TableViewCell.swift */; };
		54A0CC6D26D620AC0008833F /* TableViewCell.xib in Resources */ = {isa = PBXBuildFile; fileRef = 54A0CC6B26D620AC0008833F /* TableViewCell.xib */; };
		54CFD22E26DCB73A00788193 /* Localizable.strings in Resources */ = {isa = PBXBuildFile; fileRef = 54CFD22D26DCB73A00788193 /* Localizable.strings */; };
/* End PBXBuildFile section */

/* Begin PBXContainerItemProxy section */
		54A0CC4B26D5DB320008833F /* PBXContainerItemProxy */ = {
			isa = PBXContainerItemProxy;
			containerPortal = 54A0CC2C26D5DB2E0008833F /* Project object */;
			proxyType = 1;
			remoteGlobalIDString = 54A0CC3326D5DB2E0008833F;
			remoteInfo = twexam;
		};
		54A0CC5626D5DB320008833F /* PBXContainerItemProxy */ = {
			isa = PBXContainerItemProxy;
			containerPortal = 54A0CC2C26D5DB2E0008833F /* Project object */;
			proxyType = 1;
			remoteGlobalIDString = 54A0CC3326D5DB2E0008833F;
			remoteInfo = twexam;
		};
/* End PBXContainerItemProxy section */

/* Begin PBXFileReference section */
		1D07988D817BD82D0454B338 /* Pods-twexam.release.xcconfig */ = {isa = PBXFileReference; includeInIndex = 1; lastKnownFileType = text.xcconfig; name = "Pods-twexam.release.xcconfig"; path = "Target Support Files/Pods-twexam/Pods-twexam.release.xcconfig"; sourceTree = "<group>"; };
		3EF4FF77EF238C4E2C158749 /* Pods_twexam.framework */ = {isa = PBXFileReference; explicitFileType = wrapper.framework; includeInIndex = 0; path = Pods_twexam.framework; sourceTree = BUILT_PRODUCTS_DIR; };
		540DAD9726D7340900ACB579 /* liblottie-ios.a */ = {isa = PBXFileReference; explicitFileType = archive.ar; path = "liblottie-ios.a"; sourceTree = BUILT_PRODUCTS_DIR; };
		540DAD9926D739A300ACB579 /* liblottie-ios.a */ = {isa = PBXFileReference; explicitFileType = archive.ar; path = "liblottie-ios.a"; sourceTree = BUILT_PRODUCTS_DIR; };
		540DAD9B26D739A800ACB579 /* libAFNetworking.a */ = {isa = PBXFileReference; explicitFileType = archive.ar; path = libAFNetworking.a; sourceTree = BUILT_PRODUCTS_DIR; };
		540DAD9D26D7504C00ACB579 /* shared */ = {isa = PBXFileReference; lastKnownFileType = folder; name = shared; path = ../shared; sourceTree = "<group>"; };
		54A0CC3426D5DB2E0008833F /* twexam.app */ = {isa = PBXFileReference; explicitFileType = wrapper.application; includeInIndex = 0; path = twexam.app; sourceTree = BUILT_PRODUCTS_DIR; };
		54A0CC3726D5DB2E0008833F /* AppDelegate.swift */ = {isa = PBXFileReference; lastKnownFileType = sourcecode.swift; path = AppDelegate.swift; sourceTree = "<group>"; };
		54A0CC3926D5DB2E0008833F /* SceneDelegate.swift */ = {isa = PBXFileReference; lastKnownFileType = sourcecode.swift; path = SceneDelegate.swift; sourceTree = "<group>"; };
		54A0CC3B26D5DB2E0008833F /* ViewController.swift */ = {isa = PBXFileReference; lastKnownFileType = sourcecode.swift; path = ViewController.swift; sourceTree = "<group>"; };
		54A0CC3E26D5DB2E0008833F /* Base */ = {isa = PBXFileReference; lastKnownFileType = file.storyboard; name = Base; path = Base.lproj/Main.storyboard; sourceTree = "<group>"; };
		54A0CC4026D5DB320008833F /* Assets.xcassets */ = {isa = PBXFileReference; lastKnownFileType = folder.assetcatalog; path = Assets.xcassets; sourceTree = "<group>"; };
		54A0CC4326D5DB320008833F /* Base */ = {isa = PBXFileReference; lastKnownFileType = file.storyboard; name = Base; path = Base.lproj/LaunchScreen.storyboard; sourceTree = "<group>"; };
		54A0CC4526D5DB320008833F /* Info.plist */ = {isa = PBXFileReference; lastKnownFileType = text.plist.xml; path = Info.plist; sourceTree = "<group>"; };
		54A0CC4A26D5DB320008833F /* twexamTests.xctest */ = {isa = PBXFileReference; explicitFileType = wrapper.cfbundle; includeInIndex = 0; path = twexamTests.xctest; sourceTree = BUILT_PRODUCTS_DIR; };
		54A0CC4E26D5DB320008833F /* twexamTests.swift */ = {isa = PBXFileReference; lastKnownFileType = sourcecode.swift; path = twexamTests.swift; sourceTree = "<group>"; };
		54A0CC5026D5DB320008833F /* Info.plist */ = {isa = PBXFileReference; lastKnownFileType = text.plist.xml; path = Info.plist; sourceTree = "<group>"; };
		54A0CC5526D5DB320008833F /* twexamUITests.xctest */ = {isa = PBXFileReference; explicitFileType = wrapper.cfbundle; includeInIndex = 0; path = twexamUITests.xctest; sourceTree = BUILT_PRODUCTS_DIR; };
		54A0CC5926D5DB320008833F /* twexamUITests.swift */ = {isa = PBXFileReference; lastKnownFileType = sourcecode.swift; path = twexamUITests.swift; sourceTree = "<group>"; };
		54A0CC5B26D5DB320008833F /* Info.plist */ = {isa = PBXFileReference; lastKnownFileType = text.plist.xml; path = Info.plist; sourceTree = "<group>"; };
		54A0CC6826D618F90008833F /* ViewModel.swift */ = {isa = PBXFileReference; lastKnownFileType = sourcecode.swift; path = ViewModel.swift; sourceTree = "<group>"; };
		54A0CC6A26D620AC0008833F /* TableViewCell.swift */ = {isa = PBXFileReference; lastKnownFileType = sourcecode.swift; name = TableViewCell.swift; path = tablecell/TableViewCell.swift; sourceTree = "<group>"; };
		54A0CC6B26D620AC0008833F /* TableViewCell.xib */ = {isa = PBXFileReference; lastKnownFileType = file.xib; name = TableViewCell.xib; path = tablecell/TableViewCell.xib; sourceTree = "<group>"; };
		54CFD22D26DCB73A00788193 /* Localizable.strings */ = {isa = PBXFileReference; lastKnownFileType = text.plist.strings; path = Localizable.strings; sourceTree = "<group>"; };
		9CC03BA46D139889B71687B2 /* Pods-twexam.debug.xcconfig */ = {isa = PBXFileReference; includeInIndex = 1; lastKnownFileType = text.xcconfig; name = "Pods-twexam.debug.xcconfig"; path = "Target Support Files/Pods-twexam/Pods-twexam.debug.xcconfig"; sourceTree = "<group>"; };
/* End PBXFileReference section */

/* Begin PBXFrameworksBuildPhase section */
		54A0CC3126D5DB2E0008833F /* Frameworks */ = {
			isa = PBXFrameworksBuildPhase;
			buildActionMask = 2147483647;
			files = (
				3CC9309CA004CBA2CC81E7CD /* Pods_twexam.framework in Frameworks */,
			);
			runOnlyForDeploymentPostprocessing = 0;
		};
		54A0CC4726D5DB320008833F /* Frameworks */ = {
			isa = PBXFrameworksBuildPhase;
			buildActionMask = 2147483647;
			files = (
			);
			runOnlyForDeploymentPostprocessing = 0;
		};
		54A0CC5226D5DB320008833F /* Frameworks */ = {
			isa = PBXFrameworksBuildPhase;
			buildActionMask = 2147483647;
			files = (
			);
			runOnlyForDeploymentPostprocessing = 0;
		};
/* End PBXFrameworksBuildPhase section */

/* Begin PBXGroup section */
		54A0CC2B26D5DB2E0008833F = {
			isa = PBXGroup;
			children = (
				54A0CC3626D5DB2E0008833F /* twexam */,
				54A0CC4D26D5DB320008833F /* twexamTests */,
				54A0CC5826D5DB320008833F /* twexamUITests */,
				54A0CC3526D5DB2E0008833F /* Products */,
				E212B7A19EC349DDBEE22933 /* Pods */,
				8C0FE3FB6B1B63AB8024E8B7 /* Frameworks */,
			);
			sourceTree = "<group>";
		};
		54A0CC3526D5DB2E0008833F /* Products */ = {
			isa = PBXGroup;
			children = (
				54A0CC3426D5DB2E0008833F /* twexam.app */,
				54A0CC4A26D5DB320008833F /* twexamTests.xctest */,
				54A0CC5526D5DB320008833F /* twexamUITests.xctest */,
			);
			name = Products;
			sourceTree = "<group>";
		};
		54A0CC3626D5DB2E0008833F /* twexam */ = {
			isa = PBXGroup;
			children = (
				54A0CC3726D5DB2E0008833F /* AppDelegate.swift */,
				54A0CC3926D5DB2E0008833F /* SceneDelegate.swift */,
				54A0CC3B26D5DB2E0008833F /* ViewController.swift */,
				54A0CC3D26D5DB2E0008833F /* Main.storyboard */,
				54A0CC4026D5DB320008833F /* Assets.xcassets */,
				54A0CC4226D5DB320008833F /* LaunchScreen.storyboard */,
				54A0CC4526D5DB320008833F /* Info.plist */,
				54A0CC6826D618F90008833F /* ViewModel.swift */,
				54A0CC6A26D620AC0008833F /* TableViewCell.swift */,
				54A0CC6B26D620AC0008833F /* TableViewCell.xib */,
				54CFD22D26DCB73A00788193 /* Localizable.strings */,
			);
			path = twexam;
			sourceTree = "<group>";
		};
		54A0CC4D26D5DB320008833F /* twexamTests */ = {
			isa = PBXGroup;
			children = (
				54A0CC4E26D5DB320008833F /* twexamTests.swift */,
				54A0CC5026D5DB320008833F /* Info.plist */,
			);
			path = twexamTests;
			sourceTree = "<group>";
		};
		54A0CC5826D5DB320008833F /* twexamUITests */ = {
			isa = PBXGroup;
			children = (
				54A0CC5926D5DB320008833F /* twexamUITests.swift */,
				54A0CC5B26D5DB320008833F /* Info.plist */,
			);
			path = twexamUITests;
			sourceTree = "<group>";
		};
		8C0FE3FB6B1B63AB8024E8B7 /* Frameworks */ = {
			isa = PBXGroup;
			children = (
				540DAD9D26D7504C00ACB579 /* shared */,
				540DAD9B26D739A800ACB579 /* libAFNetworking.a */,
				540DAD9926D739A300ACB579 /* liblottie-ios.a */,
				540DAD9726D7340900ACB579 /* liblottie-ios.a */,
				3EF4FF77EF238C4E2C158749 /* Pods_twexam.framework */,
			);
			name = Frameworks;
			sourceTree = "<group>";
		};
		E212B7A19EC349DDBEE22933 /* Pods */ = {
			isa = PBXGroup;
			children = (
				9CC03BA46D139889B71687B2 /* Pods-twexam.debug.xcconfig */,
				1D07988D817BD82D0454B338 /* Pods-twexam.release.xcconfig */,
			);
			path = Pods;
			sourceTree = "<group>";
		};
/* End PBXGroup section */

/* Begin PBXNativeTarget section */
		54A0CC3326D5DB2E0008833F /* twexam */ = {
			isa = PBXNativeTarget;
			buildConfigurationList = 54A0CC5E26D5DB320008833F /* Build configuration list for PBXNativeTarget "twexam" */;
			buildPhases = (
				51158B8D69851C313D26A133 /* [CP] Check Pods Manifest.lock */,
				54A0CC6726D5DD190008833F /* ShellScript */,
				54A0CC3026D5DB2E0008833F /* Sources */,
				54A0CC3126D5DB2E0008833F /* Frameworks */,
				54A0CC3226D5DB2E0008833F /* Resources */,
			);
			buildRules = (
			);
			dependencies = (
			);
			name = twexam;
			productName = twexam;
			productReference = 54A0CC3426D5DB2E0008833F /* twexam.app */;
			productType = "com.apple.product-type.application";
		};
		54A0CC4926D5DB320008833F /* twexamTests */ = {
			isa = PBXNativeTarget;
			buildConfigurationList = 54A0CC6126D5DB320008833F /* Build configuration list for PBXNativeTarget "twexamTests" */;
			buildPhases = (
				54A0CC4626D5DB320008833F /* Sources */,
				54A0CC4726D5DB320008833F /* Frameworks */,
				54A0CC4826D5DB320008833F /* Resources */,
			);
			buildRules = (
			);
			dependencies = (
				54A0CC4C26D5DB320008833F /* PBXTargetDependency */,
			);
			name = twexamTests;
			productName = twexamTests;
			productReference = 54A0CC4A26D5DB320008833F /* twexamTests.xctest */;
			productType = "com.apple.product-type.bundle.unit-test";
		};
		54A0CC5426D5DB320008833F /* twexamUITests */ = {
			isa = PBXNativeTarget;
			buildConfigurationList = 54A0CC6426D5DB320008833F /* Build configuration list for PBXNativeTarget "twexamUITests" */;
			buildPhases = (
				54A0CC5126D5DB320008833F /* Sources */,
				54A0CC5226D5DB320008833F /* Frameworks */,
				54A0CC5326D5DB320008833F /* Resources */,
			);
			buildRules = (
			);
			dependencies = (
				54A0CC5726D5DB320008833F /* PBXTargetDependency */,
			);
			name = twexamUITests;
			productName = twexamUITests;
			productReference = 54A0CC5526D5DB320008833F /* twexamUITests.xctest */;
			productType = "com.apple.product-type.bundle.ui-testing";
		};
/* End PBXNativeTarget section */

/* Begin PBXProject section */
		54A0CC2C26D5DB2E0008833F /* Project object */ = {
			isa = PBXProject;
			attributes = {
				LastSwiftUpdateCheck = 1250;
				LastUpgradeCheck = 1250;
				TargetAttributes = {
					54A0CC3326D5DB2E0008833F = {
						CreatedOnToolsVersion = 12.5.1;
					};
					54A0CC4926D5DB320008833F = {
						CreatedOnToolsVersion = 12.5.1;
						TestTargetID = 54A0CC3326D5DB2E0008833F;
					};
					54A0CC5426D5DB320008833F = {
						CreatedOnToolsVersion = 12.5.1;
						TestTargetID = 54A0CC3326D5DB2E0008833F;
					};
				};
			};
			buildConfigurationList = 54A0CC2F26D5DB2E0008833F /* Build configuration list for PBXProject "twexam" */;
			compatibilityVersion = "Xcode 9.3";
			developmentRegion = en;
			hasScannedForEncodings = 0;
			knownRegions = (
				en,
				Base,
			);
			mainGroup = 54A0CC2B26D5DB2E0008833F;
			productRefGroup = 54A0CC3526D5DB2E0008833F /* Products */;
			projectDirPath = "";
			projectRoot = "";
			targets = (
				54A0CC3326D5DB2E0008833F /* twexam */,
				54A0CC4926D5DB320008833F /* twexamTests */,
				54A0CC5426D5DB320008833F /* twexamUITests */,
			);
		};
/* End PBXProject section */

/* Begin PBXResourcesBuildPhase section */
		54A0CC3226D5DB2E0008833F /* Resources */ = {
			isa = PBXResourcesBuildPhase;
			buildActionMask = 2147483647;
			files = (
				54CFD22E26DCB73A00788193 /* Localizable.strings in Resources */,
				54A0CC4426D5DB320008833F /* LaunchScreen.storyboard in Resources */,
				54A0CC6D26D620AC0008833F /* TableViewCell.xib in Resources */,
				54A0CC4126D5DB320008833F /* Assets.xcassets in Resources */,
				54A0CC3F26D5DB2E0008833F /* Main.storyboard in Resources */,
			);
			runOnlyForDeploymentPostprocessing = 0;
		};
		54A0CC4826D5DB320008833F /* Resources */ = {
			isa = PBXResourcesBuildPhase;
			buildActionMask = 2147483647;
			files = (
			);
			runOnlyForDeploymentPostprocessing = 0;
		};
		54A0CC5326D5DB320008833F /* Resources */ = {
			isa = PBXResourcesBuildPhase;
			buildActionMask = 2147483647;
			files = (
			);
			runOnlyForDeploymentPostprocessing = 0;
		};
/* End PBXResourcesBuildPhase section */

/* Begin PBXShellScriptBuildPhase section */
		51158B8D69851C313D26A133 /* [CP] Check Pods Manifest.lock */ = {
			isa = PBXShellScriptBuildPhase;
			buildActionMask = 2147483647;
			files = (
			);
			inputFileListPaths = (
			);
			inputPaths = (
				"${PODS_PODFILE_DIR_PATH}/Podfile.lock",
				"${PODS_ROOT}/Manifest.lock",
			);
			name = "[CP] Check Pods Manifest.lock";
			outputFileListPaths = (
			);
			outputPaths = (
				"$(DERIVED_FILE_DIR)/Pods-twexam-checkManifestLockResult.txt",
			);
			runOnlyForDeploymentPostprocessing = 0;
			shellPath = /bin/sh;
			shellScript = "diff \"${PODS_PODFILE_DIR_PATH}/Podfile.lock\" \"${PODS_ROOT}/Manifest.lock\" > /dev/null\nif [ $? != 0 ] ; then\n    # print error to STDERR\n    echo \"error: The sandbox is not in sync with the Podfile.lock. Run 'pod install' or update your CocoaPods installation.\" >&2\n    exit 1\nfi\n# This output is used by Xcode 'outputs' to avoid re-running this script phase.\necho \"SUCCESS\" > \"${SCRIPT_OUTPUT_FILE_0}\"\n";
			showEnvVarsInLog = 0;
		};
		54A0CC6726D5DD190008833F /* ShellScript */ = {
			isa = PBXShellScriptBuildPhase;
			buildActionMask = 2147483647;
			files = (
			);
			inputFileListPaths = (
			);
			inputPaths = (
			);
			outputFileListPaths = (
			);
			outputPaths = (
			);
			runOnlyForDeploymentPostprocessing = 0;
			shellPath = /bin/sh;
			shellScript = "cd \"$SRCROOT/..\"\n./gradlew :shared:embedAndSignAppleFrameworkForXcode\n";
		};
/* End PBXShellScriptBuildPhase section */

/* Begin PBXSourcesBuildPhase section */
		54A0CC3026D5DB2E0008833F /* Sources */ = {
			isa = PBXSourcesBuildPhase;
			buildActionMask = 2147483647;
			files = (
				54A0CC6C26D620AC0008833F /* TableViewCell.swift in Sources */,
				54A0CC3C26D5DB2E0008833F /* ViewController.swift in Sources */,
				54A0CC3826D5DB2E0008833F /* AppDelegate.swift in Sources */,
				54A0CC6926D618F90008833F /* ViewModel.swift in Sources */,
				54A0CC3A26D5DB2E0008833F /* SceneDelegate.swift in Sources */,
			);
			runOnlyForDeploymentPostprocessing = 0;
		};
		54A0CC4626D5DB320008833F /* Sources */ = {
			isa = PBXSourcesBuildPhase;
			buildActionMask = 2147483647;
			files = (
				54A0CC4F26D5DB320008833F /* twexamTests.swift in Sources */,
			);
			runOnlyForDeploymentPostprocessing = 0;
		};
		54A0CC5126D5DB320008833F /* Sources */ = {
			isa = PBXSourcesBuildPhase;
			buildActionMask = 2147483647;
			files = (
				54A0CC5A26D5DB320008833F /* twexamUITests.swift in Sources */,
			);
			runOnlyForDeploymentPostprocessing = 0;
		};
/* End PBXSourcesBuildPhase section */

/* Begin PBXTargetDependency section */
		54A0CC4C26D5DB320008833F /* PBXTargetDependency */ = {
			isa = PBXTargetDependency;
			target = 54A0CC3326D5DB2E0008833F /* twexam */;
			targetProxy = 54A0CC4B26D5DB320008833F /* PBXContainerItemProxy */;
		};
		54A0CC5726D5DB320008833F /* PBXTargetDependency */ = {
			isa = PBXTargetDependency;
			target = 54A0CC3326D5DB2E0008833F /* twexam */;
			targetProxy = 54A0CC5626D5DB320008833F /* PBXContainerItemProxy */;
		};
/* End PBXTargetDependency section */

/* Begin PBXVariantGroup section */
		54A0CC3D26D5DB2E0008833F /* Main.storyboard */ = {
			isa = PBXVariantGroup;
			children = (
				54A0CC3E26D5DB2E0008833F /* Base */,
			);
			name = Main.storyboard;
			sourceTree = "<group>";
		};
		54A0CC4226D5DB320008833F /* LaunchScreen.storyboard */ = {
			isa = PBXVariantGroup;
			children = (
				54A0CC4326D5DB320008833F /* Base */,
			);
			name = LaunchScreen.storyboard;
			sourceTree = "<group>";
		};
/* End PBXVariantGroup section */

/* Begin XCBuildConfiguration section */
		54A0CC5C26D5DB320008833F /* Debug */ = {
			isa = XCBuildConfiguration;
			buildSettings = {
				ALWAYS_SEARCH_USER_PATHS = NO;
				CLANG_ANALYZER_NONNULL = YES;
				CLANG_ANALYZER_NUMBER_OBJECT_CONVERSION = YES_AGGRESSIVE;
				CLANG_CXX_LANGUAGE_STANDARD = "gnu++14";
				CLANG_CXX_LIBRARY = "libc++";
				CLANG_ENABLE_MODULES = YES;
				CLANG_ENABLE_OBJC_ARC = YES;
				CLANG_ENABLE_OBJC_WEAK = YES;
				CLANG_WARN_BLOCK_CAPTURE_AUTORELEASING = YES;
				CLANG_WARN_BOOL_CONVERSION = YES;
				CLANG_WARN_COMMA = YES;
				CLANG_WARN_CONSTANT_CONVERSION = YES;
				CLANG_WARN_DEPRECATED_OBJC_IMPLEMENTATIONS = YES;
				CLANG_WARN_DIRECT_OBJC_ISA_USAGE = YES_ERROR;
				CLANG_WARN_DOCUMENTATION_COMMENTS = YES;
				CLANG_WARN_EMPTY_BODY = YES;
				CLANG_WARN_ENUM_CONVERSION = YES;
				CLANG_WARN_INFINITE_RECURSION = YES;
				CLANG_WARN_INT_CONVERSION = YES;
				CLANG_WARN_NON_LITERAL_NULL_CONVERSION = YES;
				CLANG_WARN_OBJC_IMPLICIT_RETAIN_SELF = YES;
				CLANG_WARN_OBJC_LITERAL_CONVERSION = YES;
				CLANG_WARN_OBJC_ROOT_CLASS = YES_ERROR;
				CLANG_WARN_QUOTED_INCLUDE_IN_FRAMEWORK_HEADER = YES;
				CLANG_WARN_RANGE_LOOP_ANALYSIS = YES;
				CLANG_WARN_STRICT_PROTOTYPES = YES;
				CLANG_WARN_SUSPICIOUS_MOVE = YES;
				CLANG_WARN_UNGUARDED_AVAILABILITY = YES_AGGRESSIVE;
				CLANG_WARN_UNREACHABLE_CODE = YES;
				CLANG_WARN__DUPLICATE_METHOD_MATCH = YES;
				COPY_PHASE_STRIP = NO;
				DEBUG_INFORMATION_FORMAT = dwarf;
				ENABLE_STRICT_OBJC_MSGSEND = YES;
				ENABLE_TESTABILITY = YES;
				GCC_C_LANGUAGE_STANDARD = gnu11;
				GCC_DYNAMIC_NO_PIC = NO;
				GCC_NO_COMMON_BLOCKS = YES;
				GCC_OPTIMIZATION_LEVEL = 0;
				GCC_PREPROCESSOR_DEFINITIONS = (
					"DEBUG=1",
					"$(inherited)",
				);
				GCC_WARN_64_TO_32_BIT_CONVERSION = YES;
				GCC_WARN_ABOUT_RETURN_TYPE = YES_ERROR;
				GCC_WARN_UNDECLARED_SELECTOR = YES;
				GCC_WARN_UNINITIALIZED_AUTOS = YES_AGGRESSIVE;
				GCC_WARN_UNUSED_FUNCTION = YES;
				GCC_WARN_UNUSED_VARIABLE = YES;
				IPHONEOS_DEPLOYMENT_TARGET = 14.5;
				MTL_ENABLE_DEBUG_INFO = INCLUDE_SOURCE;
				MTL_FAST_MATH = YES;
				ONLY_ACTIVE_ARCH = YES;
				SDKROOT = iphoneos;
				SWIFT_ACTIVE_COMPILATION_CONDITIONS = DEBUG;
				SWIFT_OPTIMIZATION_LEVEL = "-Onone";
			};
			name = Debug;
		};
		54A0CC5D26D5DB320008833F /* Release */ = {
			isa = XCBuildConfiguration;
			buildSettings = {
				ALWAYS_SEARCH_USER_PATHS = NO;
				CLANG_ANALYZER_NONNULL = YES;
				CLANG_ANALYZER_NUMBER_OBJECT_CONVERSION = YES_AGGRESSIVE;
				CLANG_CXX_LANGUAGE_STANDARD = "gnu++14";
				CLANG_CXX_LIBRARY = "libc++";
				CLANG_ENABLE_MODULES = YES;
				CLANG_ENABLE_OBJC_ARC = YES;
				CLANG_ENABLE_OBJC_WEAK = YES;
				CLANG_WARN_BLOCK_CAPTURE_AUTORELEASING = YES;
				CLANG_WARN_BOOL_CONVERSION = YES;
				CLANG_WARN_COMMA = YES;
				CLANG_WARN_CONSTANT_CONVERSION = YES;
				CLANG_WARN_DEPRECATED_OBJC_IMPLEMENTATIONS = YES;
				CLANG_WARN_DIRECT_OBJC_ISA_USAGE = YES_ERROR;
				CLANG_WARN_DOCUMENTATION_COMMENTS = YES;
				CLANG_WARN_EMPTY_BODY = YES;
				CLANG_WARN_ENUM_CONVERSION = YES;
				CLANG_WARN_INFINITE_RECURSION = YES;
				CLANG_WARN_INT_CONVERSION = YES;
				CLANG_WARN_NON_LITERAL_NULL_CONVERSION = YES;
				CLANG_WARN_OBJC_IMPLICIT_RETAIN_SELF = YES;
				CLANG_WARN_OBJC_LITERAL_CONVERSION = YES;
				CLANG_WARN_OBJC_ROOT_CLASS = YES_ERROR;
				CLANG_WARN_QUOTED_INCLUDE_IN_FRAMEWORK_HEADER = YES;
				CLANG_WARN_RANGE_LOOP_ANALYSIS = YES;
				CLANG_WARN_STRICT_PROTOTYPES = YES;
				CLANG_WARN_SUSPICIOUS_MOVE = YES;
				CLANG_WARN_UNGUARDED_AVAILABILITY = YES_AGGRESSIVE;
				CLANG_WARN_UNREACHABLE_CODE = YES;
				CLANG_WARN__DUPLICATE_METHOD_MATCH = YES;
				COPY_PHASE_STRIP = NO;
				DEBUG_INFORMATION_FORMAT = "dwarf-with-dsym";
				ENABLE_NS_ASSERTIONS = NO;
				ENABLE_STRICT_OBJC_MSGSEND = YES;
				GCC_C_LANGUAGE_STANDARD = gnu11;
				GCC_NO_COMMON_BLOCKS = YES;
				GCC_WARN_64_TO_32_BIT_CONVERSION = YES;
				GCC_WARN_ABOUT_RETURN_TYPE = YES_ERROR;
				GCC_WARN_UNDECLARED_SELECTOR = YES;
				GCC_WARN_UNINITIALIZED_AUTOS = YES_AGGRESSIVE;
				GCC_WARN_UNUSED_FUNCTION = YES;
				GCC_WARN_UNUSED_VARIABLE = YES;
				IPHONEOS_DEPLOYMENT_TARGET = 14.5;
				MTL_ENABLE_DEBUG_INFO = NO;
				MTL_FAST_MATH = YES;
				SDKROOT = iphoneos;
				SWIFT_COMPILATION_MODE = wholemodule;
				SWIFT_OPTIMIZATION_LEVEL = "-O";
				VALIDATE_PRODUCT = YES;
			};
			name = Release;
		};
		54A0CC5F26D5DB320008833F /* Debug */ = {
			isa = XCBuildConfiguration;
			baseConfigurationReference = 9CC03BA46D139889B71687B2 /* Pods-twexam.debug.xcconfig */;
			buildSettings = {
				ASSETCATALOG_COMPILER_APPICON_NAME = AppIcon;
				ASSETCATALOG_COMPILER_GLOBAL_ACCENT_COLOR_NAME = AccentColor;
				CODE_SIGN_STYLE = Automatic;
				FRAMEWORK_SEARCH_PATHS = (
					"$(SRCROOT)/../shared/build/xcode-frameworks/$(CONFIGURATION)/$(SDK_NAME)",
					"$(inherited)",
				);
				INFOPLIST_FILE = twexam/Info.plist;
				LD_RUNPATH_SEARCH_PATHS = (
					"$(inherited)",
					"@executable_path/Frameworks",
				);
				LIBRARY_SEARCH_PATHS = (
					"$(inherited)",
					"${PODS_CONFIGURATION_BUILD_DIR}/AFNetworking",
				);
				OTHER_LDFLAGS = (
					"$(inherited)",
					"-framework",
					shared,
					"-lsqlite3",
				);
				PRODUCT_BUNDLE_IDENTIFIER = com.jayden.twexam;
				PRODUCT_NAME = "$(TARGET_NAME)";
				SWIFT_VERSION = 5.0;
				TARGETED_DEVICE_FAMILY = "1,2";
			};
			name = Debug;
		};
		54A0CC6026D5DB320008833F /* Release */ = {
			isa = XCBuildConfiguration;
			baseConfigurationReference = 1D07988D817BD82D0454B338 /* Pods-twexam.release.xcconfig */;
			buildSettings = {
				ASSETCATALOG_COMPILER_APPICON_NAME = AppIcon;
				ASSETCATALOG_COMPILER_GLOBAL_ACCENT_COLOR_NAME = AccentColor;
				CODE_SIGN_STYLE = Automatic;
				FRAMEWORK_SEARCH_PATHS = (
					"$(SRCROOT)/../shared/build/xcode-frameworks/$(CONFIGURATION)/$(SDK_NAME)",
					"$(inherited)",
				);
				INFOPLIST_FILE = twexam/Info.plist;
				LD_RUNPATH_SEARCH_PATHS = (
					"$(inherited)",
					"@executable_path/Frameworks",
				);
				LIBRARY_SEARCH_PATHS = (
					"$(inherited)",
					"\"${PODS_CONFIGURATION_BUILD_DIR}/AFNetworking\"",
				);
				OTHER_LDFLAGS = (
					"$(inherited)",
					"-framework",
					shared,
					"-lsqlite3",
				);
				PRODUCT_BUNDLE_IDENTIFIER = com.jayden.twexam;
				PRODUCT_NAME = "$(TARGET_NAME)";
				SWIFT_VERSION = 5.0;
				TARGETED_DEVICE_FAMILY = "1,2";
			};
			name = Release;
		};
		54A0CC6226D5DB320008833F /* Debug */ = {
			isa = XCBuildConfiguration;
			buildSettings = {
				ALWAYS_EMBED_SWIFT_STANDARD_LIBRARIES = YES;
				BUNDLE_LOADER = "$(TEST_HOST)";
				CODE_SIGN_STYLE = Automatic;
				INFOPLIST_FILE = twexamTests/Info.plist;
				IPHONEOS_DEPLOYMENT_TARGET = 14.5;
				LD_RUNPATH_SEARCH_PATHS = (
					"$(inherited)",
					"@executable_path/Frameworks",
					"@loader_path/Frameworks",
				);
				PRODUCT_BUNDLE_IDENTIFIER = com.jayden.twexamTests;
				PRODUCT_NAME = "$(TARGET_NAME)";
				SWIFT_VERSION = 5.0;
				TARGETED_DEVICE_FAMILY = "1,2";
				TEST_HOST = "$(BUILT_PRODUCTS_DIR)/twexam.app/twexam";
			};
			name = Debug;
		};
		54A0CC6326D5DB320008833F /* Release */ = {
			isa = XCBuildConfiguration;
			buildSettings = {
				ALWAYS_EMBED_SWIFT_STANDARD_LIBRARIES = YES;
				BUNDLE_LOADER = "$(TEST_HOST)";
				CODE_SIGN_STYLE = Automatic;
				INFOPLIST_FILE = twexamTests/Info.plist;
				IPHONEOS_DEPLOYMENT_TARGET = 14.5;
				LD_RUNPATH_SEARCH_PATHS = (
					"$(inherited)",
					"@executable_path/Frameworks",
					"@loader_path/Frameworks",
				);
				PRODUCT_BUNDLE_IDENTIFIER = com.jayden.twexamTests;
				PRODUCT_NAME = "$(TARGET_NAME)";
				SWIFT_VERSION = 5.0;
				TARGETED_DEVICE_FAMILY = "1,2";
				TEST_HOST = "$(BUILT_PRODUCTS_DIR)/twexam.app/twexam";
			};
			name = Release;
		};
		54A0CC6526D5DB320008833F /* Debug */ = {
			isa = XCBuildConfiguration;
			buildSettings = {
				ALWAYS_EMBED_SWIFT_STANDARD_LIBRARIES = YES;
				CODE_SIGN_STYLE = Automatic;
				INFOPLIST_FILE = twexamUITests/Info.plist;
				LD_RUNPATH_SEARCH_PATHS = (
					"$(inherited)",
					"@executable_path/Frameworks",
					"@loader_path/Frameworks",
				);
				PRODUCT_BUNDLE_IDENTIFIER = com.jayden.twexamUITests;
				PRODUCT_NAME = "$(TARGET_NAME)";
				SWIFT_VERSION = 5.0;
				TARGETED_DEVICE_FAMILY = "1,2";
				TEST_TARGET_NAME = twexam;
			};
			name = Debug;
		};
		54A0CC6626D5DB320008833F /* Release */ = {
			isa = XCBuildConfiguration;
			buildSettings = {
				ALWAYS_EMBED_SWIFT_STANDARD_LIBRARIES = YES;
				CODE_SIGN_STYLE = Automatic;
				INFOPLIST_FILE = twexamUITests/Info.plist;
				LD_RUNPATH_SEARCH_PATHS = (
					"$(inherited)",
					"@executable_path/Frameworks",
					"@loader_path/Frameworks",
				);
				PRODUCT_BUNDLE_IDENTIFIER = com.jayden.twexamUITests;
				PRODUCT_NAME = "$(TARGET_NAME)";
				SWIFT_VERSION = 5.0;
				TARGETED_DEVICE_FAMILY = "1,2";
				TEST_TARGET_NAME = twexam;
			};
			name = Release;
		};
/* End XCBuildConfiguration section */

/* Begin XCConfigurationList section */
		54A0CC2F26D5DB2E0008833F /* Build configuration list for PBXProject "twexam" */ = {
			isa = XCConfigurationList;
			buildConfigurations = (
				54A0CC5C26D5DB320008833F /* Debug */,
				54A0CC5D26D5DB320008833F /* Release */,
			);
			defaultConfigurationIsVisible = 0;
			defaultConfigurationName = Release;
		};
		54A0CC5E26D5DB320008833F /* Build configuration list for PBXNativeTarget "twexam" */ = {
			isa = XCConfigurationList;
			buildConfigurations = (
				54A0CC5F26D5DB320008833F /* Debug */,
				54A0CC6026D5DB320008833F /* Release */,
			);
			defaultConfigurationIsVisible = 0;
			defaultConfigurationName = Release;
		};
		54A0CC6126D5DB320008833F /* Build configuration list for PBXNativeTarget "twexamTests" */ = {
			isa = XCConfigurationList;
			buildConfigurations = (
				54A0CC6226D5DB320008833F /* Debug */,
				54A0CC6326D5DB320008833F /* Release */,
			);
			defaultConfigurationIsVisible = 0;
			defaultConfigurationName = Release;
		};
		54A0CC6426D5DB320008833F /* Build configuration list for PBXNativeTarget "twexamUITests" */ = {
			isa = XCConfigurationList;
			buildConfigurations = (
				54A0CC6526D5DB320008833F /* Debug */,
				54A0CC6626D5DB320008833F /* Release */,
			);
			defaultConfigurationIsVisible = 0;
			defaultConfigurationName = Release;
		};
/* End XCConfigurationList section */
	};
	rootObject = 54A0CC2C26D5DB2E0008833F /* Project object */;
}
